
Microsoft Visual Studio Solution File, Format Version 12.00
# Visual Studio Version 16
VisualStudioVersion = 16.0.30011.22
MinimumVisualStudioVersion = 10.0.40219.1
Project("{8BC9CEB8-8B4A-11D0-8D11-00A0C91BC942}") = "YellowFinal", "YellowFinal\YellowFinal.vcxproj", "{29CBC697-D12C-4CEF-BDC2-A8327FAE4852}"
EndProject
Global
	GlobalSection(SolutionConfigurationPlatforms) = preSolution
		Debug|x64 = Debug|x64
		Debug|x86 = Debug|x86
		Release|x64 = Release|x64
		Release|x86 = Release|x86
	EndGlobalSection
	GlobalSection(ProjectConfigurationPlatforms) = postSolution
		{29CBC697-D12C-4CEF-BDC2-A8327FAE4852}.Debug|x64.ActiveCfg = Debug|x64
		{29CBC697-D12C-4CEF-BDC2-A8327FAE4852}.Debug|x64.Build.0 = Debug|x64
		{29CBC697-D12C-4CEF-BDC2-A8327FAE4852}.Debug|x86.ActiveCfg = Debug|Win32
		{29CBC697-D12C-4CEF-BDC2-A8327FAE4852}.Debug|x86.Build.0 = Debug|Win32
		{29CBC697-D12C-4CEF-BDC2-A8327FAE4852}.Release|x64.ActiveCfg = Release|x64
		{29CBC697-D12C-4CEF-BDC2-A8327FAE4852}.Release|x64.Build.0 = Release|x64
		{29CBC697-D12C-4CEF-BDC2-A8327FAE4852}.Release|x86.ActiveCfg = Release|Win32
		{29CBC697-D12C-4CEF-BDC2-A8327FAE4852}.Release|x86.Build.0 = Release|Win32
	EndGlobalSection
	GlobalSection(SolutionProperties) = preSolution
		HideSolutionNode = FALSE
	EndGlobalSection
	GlobalSection(ExtensibilityGlobals) = postSolution
		SolutionGuid = {AA66FEB6-A240-49AD-99B4-2A07D56A6A30}
	EndGlobalSection
EndGlobal
